// !$*UTF8*$!
{
	archiveVersion = 1;
	classes = {
	};
	objectVersion = 56;
	objects = {

/* Begin PBXBuildFile section */
		EC29CE582A86DCEA0077EF4F /* CustomTabbar.swift in Sources */ = {isa = PBXBuildFile; fileRef = EC29CE572A86DCEA0077EF4F /* CustomTabbar.swift */; };
		EC48E5CF2A7E8273005C857C /* LeftController.swift in Sources */ = {isa = PBXBuildFile; fileRef = EC48E5CE2A7E8273005C857C /* LeftController.swift */; };
		EC48E5D12A823BF6005C857C /* MiddleController.swift in Sources */ = {isa = PBXBuildFile; fileRef = EC48E5D02A823BF6005C857C /* MiddleController.swift */; };
		EC48E5D32A823C04005C857C /* RightController.swift in Sources */ = {isa = PBXBuildFile; fileRef = EC48E5D22A823C04005C857C /* RightController.swift */; };
		ECA2F7492A6E79A7006E6E05 /* AppDelegate.swift in Sources */ = {isa = PBXBuildFile; fileRef = ECA2F7482A6E79A7006E6E05 /* AppDelegate.swift */; };
		ECA2F74B2A6E79A7006E6E05 /* SceneDelegate.swift in Sources */ = {isa = PBXBuildFile; fileRef = ECA2F74A2A6E79A7006E6E05 /* SceneDelegate.swift */; };
		ECA2F74D2A6E79A7006E6E05 /* ViewController.swift in Sources */ = {isa = PBXBuildFile; fileRef = ECA2F74C2A6E79A7006E6E05 /* ViewController.swift */; };
		ECA2F7502A6E79A7006E6E05 /* Main.storyboard in Resources */ = {isa = PBXBuildFile; fileRef = ECA2F74E2A6E79A7006E6E05 /* Main.storyboard */; };
		ECA2F7522A6E79A9006E6E05 /* Assets.xcassets in Resources */ = {isa = PBXBuildFile; fileRef = ECA2F7512A6E79A9006E6E05 /* Assets.xcassets */; };
		ECA2F7552A6E79A9006E6E05 /* LaunchScreen.storyboard in Resources */ = {isa = PBXBuildFile; fileRef = ECA2F7532A6E79A9006E6E05 /* LaunchScreen.storyboard */; };
		ECA2F7602A6E79AA006E6E05 /* WeatherTests.swift in Sources */ = {isa = PBXBuildFile; fileRef = ECA2F75F2A6E79AA006E6E05 /* WeatherTests.swift */; };
		ECA2F76A2A6E79AA006E6E05 /* WeatherUITests.swift in Sources */ = {isa = PBXBuildFile; fileRef = ECA2F7692A6E79AA006E6E05 /* WeatherUITests.swift */; };
		ECA2F76C2A6E79AA006E6E05 /* WeatherUITestsLaunchTests.swift in Sources */ = {isa = PBXBuildFile; fileRef = ECA2F76B2A6E79AA006E6E05 /* WeatherUITestsLaunchTests.swift */; };
		ECA2F7802A6E8768006E6E05 /* Extensions.swift in Sources */ = {isa = PBXBuildFile; fileRef = ECA2F77F2A6E8768006E6E05 /* Extensions.swift */; };
		ECD763D82AA0AF3A00D2D7F9 /* CustomTabbarShapes.swift in Sources */ = {isa = PBXBuildFile; fileRef = ECD763D72AA0AF3A00D2D7F9 /* CustomTabbarShapes.swift */; };
		ECD763DA2AA267AA00D2D7F9 /* Colors.swift in Sources */ = {isa = PBXBuildFile; fileRef = ECD763D92AA267AA00D2D7F9 /* Colors.swift */; };
		ECE60A362AA8ED2800CA4464 /* DetailView.swift in Sources */ = {isa = PBXBuildFile; fileRef = ECE60A352AA8ED2800CA4464 /* DetailView.swift */; };
		ECE60A382AA8EF1D00CA4464 /* DetailViewController.swift in Sources */ = {isa = PBXBuildFile; fileRef = ECE60A372AA8EF1D00CA4464 /* DetailViewController.swift */; };
/* End PBXBuildFile section */

/* Begin PBXContainerItemProxy section */
		ECA2F75C2A6E79A9006E6E05 /* PBXContainerItemProxy */ = {
			isa = PBXContainerItemProxy;
			containerPortal = ECA2F73D2A6E79A7006E6E05 /* Project object */;
			proxyType = 1;
			remoteGlobalIDString = ECA2F7442A6E79A7006E6E05;
			remoteInfo = Weather;
		};
		ECA2F7662A6E79AA006E6E05 /* PBXContainerItemProxy */ = {
			isa = PBXContainerItemProxy;
			containerPortal = ECA2F73D2A6E79A7006E6E05 /* Project object */;
			proxyType = 1;
			remoteGlobalIDString = ECA2F7442A6E79A7006E6E05;
			remoteInfo = Weather;
		};
/* End PBXContainerItemProxy section */

/* Begin PBXFileReference section */
		EC29CE572A86DCEA0077EF4F /* CustomTabbar.swift */ = {isa = PBXFileReference; lastKnownFileType = sourcecode.swift; path = CustomTabbar.swift; sourceTree = "<group>"; };
		EC48E5CE2A7E8273005C857C /* LeftController.swift */ = {isa = PBXFileReference; lastKnownFileType = sourcecode.swift; path = LeftController.swift; sourceTree = "<group>"; };
		EC48E5D02A823BF6005C857C /* MiddleController.swift */ = {isa = PBXFileReference; lastKnownFileType = sourcecode.swift; path = MiddleController.swift; sourceTree = "<group>"; };
		EC48E5D22A823C04005C857C /* RightController.swift */ = {isa = PBXFileReference; lastKnownFileType = sourcecode.swift; path = RightController.swift; sourceTree = "<group>"; };
		ECA2F7452A6E79A7006E6E05 /* Weather.app */ = {isa = PBXFileReference; explicitFileType = wrapper.application; includeInIndex = 0; path = Weather.app; sourceTree = BUILT_PRODUCTS_DIR; };
		ECA2F7482A6E79A7006E6E05 /* AppDelegate.swift */ = {isa = PBXFileReference; lastKnownFileType = sourcecode.swift; path = AppDelegate.swift; sourceTree = "<group>"; };
		ECA2F74A2A6E79A7006E6E05 /* SceneDelegate.swift */ = {isa = PBXFileReference; lastKnownFileType = sourcecode.swift; path = SceneDelegate.swift; sourceTree = "<group>"; };
		ECA2F74C2A6E79A7006E6E05 /* ViewController.swift */ = {isa = PBXFileReference; lastKnownFileType = sourcecode.swift; path = ViewController.swift; sourceTree = "<group>"; };
		ECA2F74F2A6E79A7006E6E05 /* Base */ = {isa = PBXFileReference; lastKnownFileType = file.storyboard; name = Base; path = Base.lproj/Main.storyboard; sourceTree = "<group>"; };
		ECA2F7512A6E79A9006E6E05 /* Assets.xcassets */ = {isa = PBXFileReference; lastKnownFileType = folder.assetcatalog; path = Assets.xcassets; sourceTree = "<group>"; };
		ECA2F7542A6E79A9006E6E05 /* Base */ = {isa = PBXFileReference; lastKnownFileType = file.storyboard; name = Base; path = Base.lproj/LaunchScreen.storyboard; sourceTree = "<group>"; };
		ECA2F7562A6E79A9006E6E05 /* Info.plist */ = {isa = PBXFileReference; lastKnownFileType = text.plist.xml; path = Info.plist; sourceTree = "<group>"; };
		ECA2F75B2A6E79A9006E6E05 /* WeatherTests.xctest */ = {isa = PBXFileReference; explicitFileType = wrapper.cfbundle; includeInIndex = 0; path = WeatherTests.xctest; sourceTree = BUILT_PRODUCTS_DIR; };
		ECA2F75F2A6E79AA006E6E05 /* WeatherTests.swift */ = {isa = PBXFileReference; lastKnownFileType = sourcecode.swift; path = WeatherTests.swift; sourceTree = "<group>"; };
		ECA2F7652A6E79AA006E6E05 /* WeatherUITests.xctest */ = {isa = PBXFileReference; explicitFileType = wrapper.cfbundle; includeInIndex = 0; path = WeatherUITests.xctest; sourceTree = BUILT_PRODUCTS_DIR; };
		ECA2F7692A6E79AA006E6E05 /* WeatherUITests.swift */ = {isa = PBXFileReference; lastKnownFileType = sourcecode.swift; path = WeatherUITests.swift; sourceTree = "<group>"; };
		ECA2F76B2A6E79AA006E6E05 /* WeatherUITestsLaunchTests.swift */ = {isa = PBXFileReference; lastKnownFileType = sourcecode.swift; path = WeatherUITestsLaunchTests.swift; sourceTree = "<group>"; };
		ECA2F77F2A6E8768006E6E05 /* Extensions.swift */ = {isa = PBXFileReference; lastKnownFileType = sourcecode.swift; path = Extensions.swift; sourceTree = "<group>"; };
		ECD763D72AA0AF3A00D2D7F9 /* CustomTabbarShapes.swift */ = {isa = PBXFileReference; lastKnownFileType = sourcecode.swift; path = CustomTabbarShapes.swift; sourceTree = "<group>"; };
		ECD763D92AA267AA00D2D7F9 /* Colors.swift */ = {isa = PBXFileReference; lastKnownFileType = sourcecode.swift; path = Colors.swift; sourceTree = "<group>"; };
		ECE60A352AA8ED2800CA4464 /* DetailView.swift */ = {isa = PBXFileReference; lastKnownFileType = sourcecode.swift; path = DetailView.swift; sourceTree = "<group>"; };
		ECE60A372AA8EF1D00CA4464 /* DetailViewController.swift */ = {isa = PBXFileReference; lastKnownFileType = sourcecode.swift; path = DetailViewController.swift; sourceTree = "<group>"; };
/* End PBXFileReference section */

/* Begin PBXFrameworksBuildPhase section */
		ECA2F7422A6E79A7006E6E05 /* Frameworks */ = {
			isa = PBXFrameworksBuildPhase;
			buildActionMask = 2147483647;
			files = (
			);
			runOnlyForDeploymentPostprocessing = 0;
		};
		ECA2F7582A6E79A9006E6E05 /* Frameworks */ = {
			isa = PBXFrameworksBuildPhase;
			buildActionMask = 2147483647;
			files = (
			);
			runOnlyForDeploymentPostprocessing = 0;
		};
		ECA2F7622A6E79AA006E6E05 /* Frameworks */ = {
			isa = PBXFrameworksBuildPhase;
			buildActionMask = 2147483647;
			files = (
			);
			runOnlyForDeploymentPostprocessing = 0;
		};
/* End PBXFrameworksBuildPhase section */

/* Begin PBXGroup section */
		ECA2F73C2A6E79A7006E6E05 = {
			isa = PBXGroup;
			children = (
				ECA2F7472A6E79A7006E6E05 /* Weather */,
				ECA2F75E2A6E79AA006E6E05 /* WeatherTests */,
				ECA2F7682A6E79AA006E6E05 /* WeatherUITests */,
				ECA2F7462A6E79A7006E6E05 /* Products */,
			);
			sourceTree = "<group>";
		};
		ECA2F7462A6E79A7006E6E05 /* Products */ = {
			isa = PBXGroup;
			children = (
				ECA2F7452A6E79A7006E6E05 /* Weather.app */,
				ECA2F75B2A6E79A9006E6E05 /* WeatherTests.xctest */,
				ECA2F7652A6E79AA006E6E05 /* WeatherUITests.xctest */,
			);
			name = Products;
			sourceTree = "<group>";
		};
		ECA2F7472A6E79A7006E6E05 /* Weather */ = {
			isa = PBXGroup;
			children = (
				ECA2F7782A6E7E3D006E6E05 /* Views */,
				ECA2F7792A6E7E48006E6E05 /* Models */,
				ECA2F77A2A6E7E4E006E6E05 /* Utils */,
				ECA2F74E2A6E79A7006E6E05 /* Main.storyboard */,
				ECA2F7512A6E79A9006E6E05 /* Assets.xcassets */,
				ECA2F7532A6E79A9006E6E05 /* LaunchScreen.storyboard */,
				ECA2F7562A6E79A9006E6E05 /* Info.plist */,
			);
			path = Weather;
			sourceTree = "<group>";
		};
		ECA2F75E2A6E79AA006E6E05 /* WeatherTests */ = {
			isa = PBXGroup;
			children = (
				ECA2F75F2A6E79AA006E6E05 /* WeatherTests.swift */,
			);
			path = WeatherTests;
			sourceTree = "<group>";
		};
		ECA2F7682A6E79AA006E6E05 /* WeatherUITests */ = {
			isa = PBXGroup;
			children = (
				ECA2F7692A6E79AA006E6E05 /* WeatherUITests.swift */,
				ECA2F76B2A6E79AA006E6E05 /* WeatherUITestsLaunchTests.swift */,
			);
			path = WeatherUITests;
			sourceTree = "<group>";
		};
		ECA2F7782A6E7E3D006E6E05 /* Views */ = {
			isa = PBXGroup;
			children = (
				ECA2F77E2A6E7EC8006E6E05 /* Main */,
				ECA2F77D2A6E7EBF006E6E05 /* Navigation */,
				ECA2F77C2A6E7EB7006E6E05 /* Detail */,
				ECA2F77B2A6E7EAC006E6E05 /* Components */,
			);
			path = Views;
			sourceTree = "<group>";
		};
		ECA2F7792A6E7E48006E6E05 /* Models */ = {
			isa = PBXGroup;
			children = (
			);
			path = Models;
			sourceTree = "<group>";
		};
		ECA2F77A2A6E7E4E006E6E05 /* Utils */ = {
			isa = PBXGroup;
			children = (
				ECA2F77F2A6E8768006E6E05 /* Extensions.swift */,
				ECD763D72AA0AF3A00D2D7F9 /* CustomTabbarShapes.swift */,
				ECD763D92AA267AA00D2D7F9 /* Colors.swift */,
			);
			path = Utils;
			sourceTree = "<group>";
		};
		ECA2F77B2A6E7EAC006E6E05 /* Components */ = {
			isa = PBXGroup;
			children = (
			);
			path = Components;
			sourceTree = "<group>";
		};
		ECA2F77C2A6E7EB7006E6E05 /* Detail */ = {
			isa = PBXGroup;
			children = (
			);
			path = Detail;
			sourceTree = "<group>";
		};
		ECA2F77D2A6E7EBF006E6E05 /* Navigation */ = {
			isa = PBXGroup;
			children = (
			);
			path = Navigation;
			sourceTree = "<group>";
		};
		ECA2F77E2A6E7EC8006E6E05 /* Main */ = {
			isa = PBXGroup;
			children = (
				ECA2F74C2A6E79A7006E6E05 /* ViewController.swift */,
				ECA2F7482A6E79A7006E6E05 /* AppDelegate.swift */,
				ECA2F74A2A6E79A7006E6E05 /* SceneDelegate.swift */,
				EC48E5CE2A7E8273005C857C /* LeftController.swift */,
				EC48E5D02A823BF6005C857C /* MiddleController.swift */,
				EC48E5D22A823C04005C857C /* RightController.swift */,
				EC29CE572A86DCEA0077EF4F /* CustomTabbar.swift */,
				ECE60A352AA8ED2800CA4464 /* DetailView.swift */,
				ECE60A372AA8EF1D00CA4464 /* DetailViewController.swift */,
			);
			path = Main;
			sourceTree = "<group>";
		};
/* End PBXGroup section */

/* Begin PBXNativeTarget section */
		ECA2F7442A6E79A7006E6E05 /* Weather */ = {
			isa = PBXNativeTarget;
			buildConfigurationList = ECA2F76F2A6E79AA006E6E05 /* Build configuration list for PBXNativeTarget "Weather" */;
			buildPhases = (
				ECA2F7412A6E79A7006E6E05 /* Sources */,
				ECA2F7422A6E79A7006E6E05 /* Frameworks */,
				ECA2F7432A6E79A7006E6E05 /* Resources */,
			);
			buildRules = (
			);
			dependencies = (
			);
			name = Weather;
			productName = Weather;
			productReference = ECA2F7452A6E79A7006E6E05 /* Weather.app */;
			productType = "com.apple.product-type.application";
		};
		ECA2F75A2A6E79A9006E6E05 /* WeatherTests */ = {
			isa = PBXNativeTarget;
			buildConfigurationList = ECA2F7722A6E79AA006E6E05 /* Build configuration list for PBXNativeTarget "WeatherTests" */;
			buildPhases = (
				ECA2F7572A6E79A9006E6E05 /* Sources */,
				ECA2F7582A6E79A9006E6E05 /* Frameworks */,
				ECA2F7592A6E79A9006E6E05 /* Resources */,
			);
			buildRules = (
			);
			dependencies = (
				ECA2F75D2A6E79A9006E6E05 /* PBXTargetDependency */,
			);
			name = WeatherTests;
			productName = WeatherTests;
			productReference = ECA2F75B2A6E79A9006E6E05 /* WeatherTests.xctest */;
			productType = "com.apple.product-type.bundle.unit-test";
		};
		ECA2F7642A6E79AA006E6E05 /* WeatherUITests */ = {
			isa = PBXNativeTarget;
			buildConfigurationList = ECA2F7752A6E79AA006E6E05 /* Build configuration list for PBXNativeTarget "WeatherUITests" */;
			buildPhases = (
				ECA2F7612A6E79AA006E6E05 /* Sources */,
				ECA2F7622A6E79AA006E6E05 /* Frameworks */,
				ECA2F7632A6E79AA006E6E05 /* Resources */,
			);
			buildRules = (
			);
			dependencies = (
				ECA2F7672A6E79AA006E6E05 /* PBXTargetDependency */,
			);
			name = WeatherUITests;
			productName = WeatherUITests;
			productReference = ECA2F7652A6E79AA006E6E05 /* WeatherUITests.xctest */;
			productType = "com.apple.product-type.bundle.ui-testing";
		};
/* End PBXNativeTarget section */

/* Begin PBXProject section */
		ECA2F73D2A6E79A7006E6E05 /* Project object */ = {
			isa = PBXProject;
			attributes = {
				BuildIndependentTargetsInParallel = 1;
				LastSwiftUpdateCheck = 1420;
				LastUpgradeCheck = 1420;
				TargetAttributes = {
					ECA2F7442A6E79A7006E6E05 = {
						CreatedOnToolsVersion = 14.2;
					};
					ECA2F75A2A6E79A9006E6E05 = {
						CreatedOnToolsVersion = 14.2;
						TestTargetID = ECA2F7442A6E79A7006E6E05;
					};
					ECA2F7642A6E79AA006E6E05 = {
						CreatedOnToolsVersion = 14.2;
						TestTargetID = ECA2F7442A6E79A7006E6E05;
					};
				};
			};
			buildConfigurationList = ECA2F7402A6E79A7006E6E05 /* Build configuration list for PBXProject "Weather" */;
			compatibilityVersion = "Xcode 14.0";
			developmentRegion = en;
			hasScannedForEncodings = 0;
			knownRegions = (
				en,
				Base,
			);
			mainGroup = ECA2F73C2A6E79A7006E6E05;
			productRefGroup = ECA2F7462A6E79A7006E6E05 /* Products */;
			projectDirPath = "";
			projectRoot = "";
			targets = (
				ECA2F7442A6E79A7006E6E05 /* Weather */,
				ECA2F75A2A6E79A9006E6E05 /* WeatherTests */,
				ECA2F7642A6E79AA006E6E05 /* WeatherUITests */,
			);
		};
/* End PBXProject section */

/* Begin PBXResourcesBuildPhase section */
		ECA2F7432A6E79A7006E6E05 /* Resources */ = {
			isa = PBXResourcesBuildPhase;
			buildActionMask = 2147483647;
			files = (
				ECA2F7552A6E79A9006E6E05 /* LaunchScreen.storyboard in Resources */,
				ECA2F7522A6E79A9006E6E05 /* Assets.xcassets in Resources */,
				ECA2F7502A6E79A7006E6E05 /* Main.storyboard in Resources */,
			);
			runOnlyForDeploymentPostprocessing = 0;
		};
		ECA2F7592A6E79A9006E6E05 /* Resources */ = {
			isa = PBXResourcesBuildPhase;
			buildActionMask = 2147483647;
			files = (
			);
			runOnlyForDeploymentPostprocessing = 0;
		};
		ECA2F7632A6E79AA006E6E05 /* Resources */ = {
			isa = PBXResourcesBuildPhase;
			buildActionMask = 2147483647;
			files = (
			);
			runOnlyForDeploymentPostprocessing = 0;
		};
/* End PBXResourcesBuildPhase section */

/* Begin PBXSourcesBuildPhase section */
		ECA2F7412A6E79A7006E6E05 /* Sources */ = {
			isa = PBXSourcesBuildPhase;
			buildActionMask = 2147483647;
			files = (
				EC48E5D12A823BF6005C857C /* MiddleController.swift in Sources */,
				ECD763DA2AA267AA00D2D7F9 /* Colors.swift in Sources */,
				ECA2F74D2A6E79A7006E6E05 /* ViewController.swift in Sources */,
				ECE60A382AA8EF1D00CA4464 /* DetailViewController.swift in Sources */,
				EC48E5D32A823C04005C857C /* RightController.swift in Sources */,
				ECA2F7492A6E79A7006E6E05 /* AppDelegate.swift in Sources */,
				ECE60A362AA8ED2800CA4464 /* DetailView.swift in Sources */,
				EC29CE582A86DCEA0077EF4F /* CustomTabbar.swift in Sources */,
				ECD763D82AA0AF3A00D2D7F9 /* CustomTabbarShapes.swift in Sources */,
				ECA2F74B2A6E79A7006E6E05 /* SceneDelegate.swift in Sources */,
				EC48E5CF2A7E8273005C857C /* LeftController.swift in Sources */,
				ECA2F7802A6E8768006E6E05 /* Extensions.swift in Sources */,
			);
			runOnlyForDeploymentPostprocessing = 0;
		};
		ECA2F7572A6E79A9006E6E05 /* Sources */ = {
			isa = PBXSourcesBuildPhase;
			buildActionMask = 2147483647;
			files = (
				ECA2F7602A6E79AA006E6E05 /* WeatherTests.swift in Sources */,
			);
			runOnlyForDeploymentPostprocessing = 0;
		};
		ECA2F7612A6E79AA006E6E05 /* Sources */ = {
			isa = PBXSourcesBuildPhase;
			buildActionMask = 2147483647;
			files = (
				ECA2F76A2A6E79AA006E6E05 /* WeatherUITests.swift in Sources */,
				ECA2F76C2A6E79AA006E6E05 /* WeatherUITestsLaunchTests.swift in Sources */,
			);
			runOnlyForDeploymentPostprocessing = 0;
		};
/* End PBXSourcesBuildPhase section */

/* Begin PBXTargetDependency section */
		ECA2F75D2A6E79A9006E6E05 /* PBXTargetDependency */ = {
			isa = PBXTargetDependency;
			target = ECA2F7442A6E79A7006E6E05 /* Weather */;
			targetProxy = ECA2F75C2A6E79A9006E6E05 /* PBXContainerItemProxy */;
		};
		ECA2F7672A6E79AA006E6E05 /* PBXTargetDependency */ = {
			isa = PBXTargetDependency;
			target = ECA2F7442A6E79A7006E6E05 /* Weather */;
			targetProxy = ECA2F7662A6E79AA006E6E05 /* PBXContainerItemProxy */;
		};
/* End PBXTargetDependency section */

/* Begin PBXVariantGroup section */
		ECA2F74E2A6E79A7006E6E05 /* Main.storyboard */ = {
			isa = PBXVariantGroup;
			children = (
				ECA2F74F2A6E79A7006E6E05 /* Base */,
			);
			name = Main.storyboard;
			sourceTree = "<group>";
		};
		ECA2F7532A6E79A9006E6E05 /* LaunchScreen.storyboard */ = {
			isa = PBXVariantGroup;
			children = (
				ECA2F7542A6E79A9006E6E05 /* Base */,
			);
			name = LaunchScreen.storyboard;
			sourceTree = "<group>";
		};
/* End PBXVariantGroup section */

/* Begin XCBuildConfiguration section */
		ECA2F76D2A6E79AA006E6E05 /* Debug */ = {
			isa = XCBuildConfiguration;
			buildSettings = {
				ALWAYS_SEARCH_USER_PATHS = NO;
				CLANG_ANALYZER_NONNULL = YES;
				CLANG_ANALYZER_NUMBER_OBJECT_CONVERSION = YES_AGGRESSIVE;
				CLANG_CXX_LANGUAGE_STANDARD = "gnu++20";
				CLANG_ENABLE_MODULES = YES;
				CLANG_ENABLE_OBJC_ARC = YES;
				CLANG_ENABLE_OBJC_WEAK = YES;
				CLANG_WARN_BLOCK_CAPTURE_AUTORELEASING = YES;
				CLANG_WARN_BOOL_CONVERSION = YES;
				CLANG_WARN_COMMA = YES;
				CLANG_WARN_CONSTANT_CONVERSION = YES;
				CLANG_WARN_DEPRECATED_OBJC_IMPLEMENTATIONS = YES;
				CLANG_WARN_DIRECT_OBJC_ISA_USAGE = YES_ERROR;
				CLANG_WARN_DOCUMENTATION_COMMENTS = YES;
				CLANG_WARN_EMPTY_BODY = YES;
				CLANG_WARN_ENUM_CONVERSION = YES;
				CLANG_WARN_INFINITE_RECURSION = YES;
				CLANG_WARN_INT_CONVERSION = YES;
				CLANG_WARN_NON_LITERAL_NULL_CONVERSION = YES;
				CLANG_WARN_OBJC_IMPLICIT_RETAIN_SELF = YES;
				CLANG_WARN_OBJC_LITERAL_CONVERSION = YES;
				CLANG_WARN_OBJC_ROOT_CLASS = YES_ERROR;
				CLANG_WARN_QUOTED_INCLUDE_IN_FRAMEWORK_HEADER = YES;
				CLANG_WARN_RANGE_LOOP_ANALYSIS = YES;
				CLANG_WARN_STRICT_PROTOTYPES = YES;
				CLANG_WARN_SUSPICIOUS_MOVE = YES;
				CLANG_WARN_UNGUARDED_AVAILABILITY = YES_AGGRESSIVE;
				CLANG_WARN_UNREACHABLE_CODE = YES;
				CLANG_WARN__DUPLICATE_METHOD_MATCH = YES;
				COPY_PHASE_STRIP = NO;
				DEBUG_INFORMATION_FORMAT = dwarf;
				ENABLE_STRICT_OBJC_MSGSEND = YES;
				ENABLE_TESTABILITY = YES;
				GCC_C_LANGUAGE_STANDARD = gnu11;
				GCC_DYNAMIC_NO_PIC = NO;
				GCC_NO_COMMON_BLOCKS = YES;
				GCC_OPTIMIZATION_LEVEL = 0;
				GCC_PREPROCESSOR_DEFINITIONS = (
					"DEBUG=1",
					"$(inherited)",
				);
				GCC_WARN_64_TO_32_BIT_CONVERSION = YES;
				GCC_WARN_ABOUT_RETURN_TYPE = YES_ERROR;
				GCC_WARN_UNDECLARED_SELECTOR = YES;
				GCC_WARN_UNINITIALIZED_AUTOS = YES_AGGRESSIVE;
				GCC_WARN_UNUSED_FUNCTION = YES;
				GCC_WARN_UNUSED_VARIABLE = YES;
				IPHONEOS_DEPLOYMENT_TARGET = 16.2;
				MTL_ENABLE_DEBUG_INFO = INCLUDE_SOURCE;
				MTL_FAST_MATH = YES;
				ONLY_ACTIVE_ARCH = YES;
				SDKROOT = iphoneos;
				SWIFT_ACTIVE_COMPILATION_CONDITIONS = DEBUG;
				SWIFT_OPTIMIZATION_LEVEL = "-Onone";
			};
			name = Debug;
		};
		ECA2F76E2A6E79AA006E6E05 /* Release */ = {
			isa = XCBuildConfiguration;
			buildSettings = {
				ALWAYS_SEARCH_USER_PATHS = NO;
				CLANG_ANALYZER_NONNULL = YES;
				CLANG_ANALYZER_NUMBER_OBJECT_CONVERSION = YES_AGGRESSIVE;
				CLANG_CXX_LANGUAGE_STANDARD = "gnu++20";
				CLANG_ENABLE_MODULES = YES;
				CLANG_ENABLE_OBJC_ARC = YES;
				CLANG_ENABLE_OBJC_WEAK = YES;
				CLANG_WARN_BLOCK_CAPTURE_AUTORELEASING = YES;
				CLANG_WARN_BOOL_CONVERSION = YES;
				CLANG_WARN_COMMA = YES;
				CLANG_WARN_CONSTANT_CONVERSION = YES;
				CLANG_WARN_DEPRECATED_OBJC_IMPLEMENTATIONS = YES;
				CLANG_WARN_DIRECT_OBJC_ISA_USAGE = YES_ERROR;
				CLANG_WARN_DOCUMENTATION_COMMENTS = YES;
				CLANG_WARN_EMPTY_BODY = YES;
				CLANG_WARN_ENUM_CONVERSION = YES;
				CLANG_WARN_INFINITE_RECURSION = YES;
				CLANG_WARN_INT_CONVERSION = YES;
				CLANG_WARN_NON_LITERAL_NULL_CONVERSION = YES;
				CLANG_WARN_OBJC_IMPLICIT_RETAIN_SELF = YES;
				CLANG_WARN_OBJC_LITERAL_CONVERSION = YES;
				CLANG_WARN_OBJC_ROOT_CLASS = YES_ERROR;
				CLANG_WARN_QUOTED_INCLUDE_IN_FRAMEWORK_HEADER = YES;
				CLANG_WARN_RANGE_LOOP_ANALYSIS = YES;
				CLANG_WARN_STRICT_PROTOTYPES = YES;
				CLANG_WARN_SUSPICIOUS_MOVE = YES;
				CLANG_WARN_UNGUARDED_AVAILABILITY = YES_AGGRESSIVE;
				CLANG_WARN_UNREACHABLE_CODE = YES;
				CLANG_WARN__DUPLICATE_METHOD_MATCH = YES;
				COPY_PHASE_STRIP = NO;
				DEBUG_INFORMATION_FORMAT = "dwarf-with-dsym";
				ENABLE_NS_ASSERTIONS = NO;
				ENABLE_STRICT_OBJC_MSGSEND = YES;
				GCC_C_LANGUAGE_STANDARD = gnu11;
				GCC_NO_COMMON_BLOCKS = YES;
				GCC_WARN_64_TO_32_BIT_CONVERSION = YES;
				GCC_WARN_ABOUT_RETURN_TYPE = YES_ERROR;
				GCC_WARN_UNDECLARED_SELECTOR = YES;
				GCC_WARN_UNINITIALIZED_AUTOS = YES_AGGRESSIVE;
				GCC_WARN_UNUSED_FUNCTION = YES;
				GCC_WARN_UNUSED_VARIABLE = YES;
				IPHONEOS_DEPLOYMENT_TARGET = 16.2;
				MTL_ENABLE_DEBUG_INFO = NO;
				MTL_FAST_MATH = YES;
				SDKROOT = iphoneos;
				SWIFT_COMPILATION_MODE = wholemodule;
				SWIFT_OPTIMIZATION_LEVEL = "-O";
				VALIDATE_PRODUCT = YES;
			};
			name = Release;
		};
		ECA2F7702A6E79AA006E6E05 /* Debug */ = {
			isa = XCBuildConfiguration;
			buildSettings = {
				ASSETCATALOG_COMPILER_APPICON_NAME = AppIcon;
				ASSETCATALOG_COMPILER_GLOBAL_ACCENT_COLOR_NAME = AccentColor;
				CODE_SIGN_STYLE = Automatic;
				CURRENT_PROJECT_VERSION = 1;
				GENERATE_INFOPLIST_FILE = YES;
				INFOPLIST_FILE = Weather/Info.plist;
				INFOPLIST_KEY_UIApplicationSupportsIndirectInputEvents = YES;
				INFOPLIST_KEY_UILaunchStoryboardName = LaunchScreen;
				INFOPLIST_KEY_UIMainStoryboardFile = Main;
				INFOPLIST_KEY_UISupportedInterfaceOrientations_iPad = "UIInterfaceOrientationPortrait UIInterfaceOrientationPortraitUpsideDown UIInterfaceOrientationLandscapeLeft UIInterfaceOrientationLandscapeRight";
				INFOPLIST_KEY_UISupportedInterfaceOrientations_iPhone = "UIInterfaceOrientationPortrait UIInterfaceOrientationLandscapeLeft UIInterfaceOrientationLandscapeRight";
				LD_RUNPATH_SEARCH_PATHS = (
					"$(inherited)",
					"@executable_path/Frameworks",
				);
				MARKETING_VERSION = 1.0;
				PRODUCT_BUNDLE_IDENTIFIER = com.aleynaisikdaglilar.Weather;
				PRODUCT_NAME = "$(TARGET_NAME)";
				SWIFT_EMIT_LOC_STRINGS = YES;
				SWIFT_VERSION = 5.0;
				TARGETED_DEVICE_FAMILY = "1,2";
			};
			name = Debug;
		};
		ECA2F7712A6E79AA006E6E05 /* Release */ = {
			isa = XCBuildConfiguration;
			buildSettings = {
				ASSETCATALOG_COMPILER_APPICON_NAME = AppIcon;
				ASSETCATALOG_COMPILER_GLOBAL_ACCENT_COLOR_NAME = AccentColor;
				CODE_SIGN_STYLE = Automatic;
				CURRENT_PROJECT_VERSION = 1;
				GENERATE_INFOPLIST_FILE = YES;
				INFOPLIST_FILE = Weather/Info.plist;
				INFOPLIST_KEY_UIApplicationSupportsIndirectInputEvents = YES;
				INFOPLIST_KEY_UILaunchStoryboardName = LaunchScreen;
				INFOPLIST_KEY_UIMainStoryboardFile = Main;
				INFOPLIST_KEY_UISupportedInterfaceOrientations_iPad = "UIInterfaceOrientationPortrait UIInterfaceOrientationPortraitUpsideDown UIInterfaceOrientationLandscapeLeft UIInterfaceOrientationLandscapeRight";
				INFOPLIST_KEY_UISupportedInterfaceOrientations_iPhone = "UIInterfaceOrientationPortrait UIInterfaceOrientationLandscapeLeft UIInterfaceOrientationLandscapeRight";
				LD_RUNPATH_SEARCH_PATHS = (
					"$(inherited)",
					"@executable_path/Frameworks",
				);
				MARKETING_VERSION = 1.0;
				PRODUCT_BUNDLE_IDENTIFIER = com.aleynaisikdaglilar.Weather;
				PRODUCT_NAME = "$(TARGET_NAME)";
				SWIFT_EMIT_LOC_STRINGS = YES;
				SWIFT_VERSION = 5.0;
				TARGETED_DEVICE_FAMILY = "1,2";
			};
			name = Release;
		};
		ECA2F7732A6E79AA006E6E05 /* Debug */ = {
			isa = XCBuildConfiguration;
			buildSettings = {
				ALWAYS_EMBED_SWIFT_STANDARD_LIBRARIES = YES;
				BUNDLE_LOADER = "$(TEST_HOST)";
				CODE_SIGN_STYLE = Automatic;
				CURRENT_PROJECT_VERSION = 1;
				GENERATE_INFOPLIST_FILE = YES;
				IPHONEOS_DEPLOYMENT_TARGET = 16.2;
				MARKETING_VERSION = 1.0;
				PRODUCT_BUNDLE_IDENTIFIER = com.aleynaisikdaglilar.WeatherTests;
				PRODUCT_NAME = "$(TARGET_NAME)";
				SWIFT_EMIT_LOC_STRINGS = NO;
				SWIFT_VERSION = 5.0;
				TARGETED_DEVICE_FAMILY = "1,2";
				TEST_HOST = "$(BUILT_PRODUCTS_DIR)/Weather.app/$(BUNDLE_EXECUTABLE_FOLDER_PATH)/Weather";
			};
			name = Debug;
		};
		ECA2F7742A6E79AA006E6E05 /* Release */ = {
			isa = XCBuildConfiguration;
			buildSettings = {
				ALWAYS_EMBED_SWIFT_STANDARD_LIBRARIES = YES;
				BUNDLE_LOADER = "$(TEST_HOST)";
				CODE_SIGN_STYLE = Automatic;
				CURRENT_PROJECT_VERSION = 1;
				GENERATE_INFOPLIST_FILE = YES;
				IPHONEOS_DEPLOYMENT_TARGET = 16.2;
				MARKETING_VERSION = 1.0;
				PRODUCT_BUNDLE_IDENTIFIER = com.aleynaisikdaglilar.WeatherTests;
				PRODUCT_NAME = "$(TARGET_NAME)";
				SWIFT_EMIT_LOC_STRINGS = NO;
				SWIFT_VERSION = 5.0;
				TARGETED_DEVICE_FAMILY = "1,2";
				TEST_HOST = "$(BUILT_PRODUCTS_DIR)/Weather.app/$(BUNDLE_EXECUTABLE_FOLDER_PATH)/Weather";
			};
			name = Release;
		};
		ECA2F7762A6E79AA006E6E05 /* Debug */ = {
			isa = XCBuildConfiguration;
			buildSettings = {
				ALWAYS_EMBED_SWIFT_STANDARD_LIBRARIES = YES;
				CODE_SIGN_STYLE = Automatic;
				CURRENT_PROJECT_VERSION = 1;
				GENERATE_INFOPLIST_FILE = YES;
				MARKETING_VERSION = 1.0;
				PRODUCT_BUNDLE_IDENTIFIER = com.aleynaisikdaglilar.WeatherUITests;
				PRODUCT_NAME = "$(TARGET_NAME)";
				SWIFT_EMIT_LOC_STRINGS = NO;
				SWIFT_VERSION = 5.0;
				TARGETED_DEVICE_FAMILY = "1,2";
				TEST_TARGET_NAME = Weather;
			};
			name = Debug;
		};
		ECA2F7772A6E79AA006E6E05 /* Release */ = {
			isa = XCBuildConfiguration;
			buildSettings = {
				ALWAYS_EMBED_SWIFT_STANDARD_LIBRARIES = YES;
				CODE_SIGN_STYLE = Automatic;
				CURRENT_PROJECT_VERSION = 1;
				GENERATE_INFOPLIST_FILE = YES;
				MARKETING_VERSION = 1.0;
				PRODUCT_BUNDLE_IDENTIFIER = com.aleynaisikdaglilar.WeatherUITests;
				PRODUCT_NAME = "$(TARGET_NAME)";
				SWIFT_EMIT_LOC_STRINGS = NO;
				SWIFT_VERSION = 5.0;
				TARGETED_DEVICE_FAMILY = "1,2";
				TEST_TARGET_NAME = Weather;
			};
			name = Release;
		};
/* End XCBuildConfiguration section */

/* Begin XCConfigurationList section */
		ECA2F7402A6E79A7006E6E05 /* Build configuration list for PBXProject "Weather" */ = {
			isa = XCConfigurationList;
			buildConfigurations = (
				ECA2F76D2A6E79AA006E6E05 /* Debug */,
				ECA2F76E2A6E79AA006E6E05 /* Release */,
			);
			defaultConfigurationIsVisible = 0;
			defaultConfigurationName = Release;
		};
		ECA2F76F2A6E79AA006E6E05 /* Build configuration list for PBXNativeTarget "Weather" */ = {
			isa = XCConfigurationList;
			buildConfigurations = (
				ECA2F7702A6E79AA006E6E05 /* Debug */,
				ECA2F7712A6E79AA006E6E05 /* Release */,
			);
			defaultConfigurationIsVisible = 0;
			defaultConfigurationName = Release;
		};
		ECA2F7722A6E79AA006E6E05 /* Build configuration list for PBXNativeTarget "WeatherTests" */ = {
			isa = XCConfigurationList;
			buildConfigurations = (
				ECA2F7732A6E79AA006E6E05 /* Debug */,
				ECA2F7742A6E79AA006E6E05 /* Release */,
			);
			defaultConfigurationIsVisible = 0;
			defaultConfigurationName = Release;
		};
		ECA2F7752A6E79AA006E6E05 /* Build configuration list for PBXNativeTarget "WeatherUITests" */ = {
			isa = XCConfigurationList;
			buildConfigurations = (
				ECA2F7762A6E79AA006E6E05 /* Debug */,
				ECA2F7772A6E79AA006E6E05 /* Release */,
			);
			defaultConfigurationIsVisible = 0;
			defaultConfigurationName = Release;
		};
/* End XCConfigurationList section */
	};
	rootObject = ECA2F73D2A6E79A7006E6E05 /* Project object */;
}
